
Microsoft Visual Studio Solution File, Format Version 12.00
# Visual Studio Version 17
VisualStudioVersion = 17.7.34024.191
MinimumVisualStudioVersion = 10.0.40219.1
Project("{FAE04EC0-301F-11D3-BF4B-00C04F79EFBC}") = "Hompage(Final)", "Hompage(Final).csproj", "{F41F107B-603C-41E0-BE7F-0502993E48A8}"
EndProject
Global
	GlobalSection(SolutionConfigurationPlatforms) = preSolution
		Debug|Any CPU = Debug|Any CPU
		Release|Any CPU = Release|Any CPU
	EndGlobalSection
	GlobalSection(ProjectConfigurationPlatforms) = postSolution
		{F41F107B-603C-41E0-BE7F-0502993E48A8}.Debug|Any CPU.ActiveCfg = Debug|Any CPU
		{F41F107B-603C-41E0-BE7F-0502993E48A8}.Debug|Any CPU.Build.0 = Debug|Any CPU
		{F41F107B-603C-41E0-BE7F-0502993E48A8}.Release|Any CPU.ActiveCfg = Release|Any CPU
		{F41F107B-603C-41E0-BE7F-0502993E48A8}.Release|Any CPU.Build.0 = Release|Any CPU
	EndGlobalSection
	GlobalSection(SolutionProperties) = preSolution
		HideSolutionNode = FALSE
	EndGlobalSection
	GlobalSection(ExtensibilityGlobals) = postSolution
		SolutionGuid = {608DD3B4-E248-4A66-8C27-6803437D9CD4}
	EndGlobalSection
EndGlobal
