
Microsoft Visual Studio Solution File, Format Version 12.00
# Visual Studio Version 17
VisualStudioVersion = 17.7.34024.191
MinimumVisualStudioVersion = 10.0.40219.1
Project("{FAE04EC0-301F-11D3-BF4B-00C04F79EFBC}") = "HOMEPAGE", "HOMEPAGE.csproj", "{ECDFC084-111D-4A62-A5C6-21B2B8582FE6}"
EndProject
Global
	GlobalSection(SolutionConfigurationPlatforms) = preSolution
		Debug|Any CPU = Debug|Any CPU
		Release|Any CPU = Release|Any CPU
	EndGlobalSection
	GlobalSection(ProjectConfigurationPlatforms) = postSolution
		{ECDFC084-111D-4A62-A5C6-21B2B8582FE6}.Debug|Any CPU.ActiveCfg = Debug|Any CPU
		{ECDFC084-111D-4A62-A5C6-21B2B8582FE6}.Debug|Any CPU.Build.0 = Debug|Any CPU
		{ECDFC084-111D-4A62-A5C6-21B2B8582FE6}.Release|Any CPU.ActiveCfg = Release|Any CPU
		{ECDFC084-111D-4A62-A5C6-21B2B8582FE6}.Release|Any CPU.Build.0 = Release|Any CPU
	EndGlobalSection
	GlobalSection(SolutionProperties) = preSolution
		HideSolutionNode = FALSE
	EndGlobalSection
	GlobalSection(ExtensibilityGlobals) = postSolution
		SolutionGuid = {E4CD460A-A8D4-47CA-BFCA-42C42126DAC6}
	EndGlobalSection
EndGlobal
