
Microsoft Visual Studio Solution File, Format Version 12.00
# Visual Studio Version 17
VisualStudioVersion = 17.7.34024.191
MinimumVisualStudioVersion = 10.0.40219.1
Project("{FAE04EC0-301F-11D3-BF4B-00C04F79EFBC}") = "Driver's LIcense Exam", "Driver's LIcense Exam.csproj", "{C8E82302-84BD-427B-A454-34456F1E2651}"
EndProject
Global
	GlobalSection(SolutionConfigurationPlatforms) = preSolution
		Debug|Any CPU = Debug|Any CPU
		Release|Any CPU = Release|Any CPU
	EndGlobalSection
	GlobalSection(ProjectConfigurationPlatforms) = postSolution
		{C8E82302-84BD-427B-A454-34456F1E2651}.Debug|Any CPU.ActiveCfg = Debug|Any CPU
		{C8E82302-84BD-427B-A454-34456F1E2651}.Debug|Any CPU.Build.0 = Debug|Any CPU
		{C8E82302-84BD-427B-A454-34456F1E2651}.Release|Any CPU.ActiveCfg = Release|Any CPU
		{C8E82302-84BD-427B-A454-34456F1E2651}.Release|Any CPU.Build.0 = Release|Any CPU
	EndGlobalSection
	GlobalSection(SolutionProperties) = preSolution
		HideSolutionNode = FALSE
	EndGlobalSection
	GlobalSection(ExtensibilityGlobals) = postSolution
		SolutionGuid = {F185B1CC-084A-4DC4-8C35-56F0127782E9}
	EndGlobalSection
EndGlobal
